Microsoft Visual Studio Solution File, Format Version 12.00
# Visual Studio 2012
Project("{FAE04EC0-301F-11D3-BF4B-00C04F79EFBC}") = "multitest", "multitest.csproj", "{3AFB762D-6DBC-4CE3-B617-14F58D74E447}"
EndProject
Global
	GlobalSection(SolutionConfigurationPlatforms) = preSolution
	Debug|Any CPU = Debug|Any CPU
	ExportDebug|Any CPU = ExportDebug|Any CPU
	ExportRelease|Any CPU = ExportRelease|Any CPU
	EndGlobalSection
	GlobalSection(ProjectConfigurationPlatforms) = postSolution
		{3AFB762D-6DBC-4CE3-B617-14F58D74E447}.Debug|Any CPU.ActiveCfg = Debug|Any CPU
		{3AFB762D-6DBC-4CE3-B617-14F58D74E447}.Debug|Any CPU.Build.0 = Debug|Any CPU
		{3AFB762D-6DBC-4CE3-B617-14F58D74E447}.ExportDebug|Any CPU.ActiveCfg = ExportDebug|Any CPU
		{3AFB762D-6DBC-4CE3-B617-14F58D74E447}.ExportDebug|Any CPU.Build.0 = ExportDebug|Any CPU
		{3AFB762D-6DBC-4CE3-B617-14F58D74E447}.ExportRelease|Any CPU.ActiveCfg = ExportRelease|Any CPU
		{3AFB762D-6DBC-4CE3-B617-14F58D74E447}.ExportRelease|Any CPU.Build.0 = ExportRelease|Any CPU
	EndGlobalSection
EndGlobal
